[[package]]
name = "betterdisco-py"
version = "1.0.0"
description = "A Python library for Discord"
category = "main"
optional = false
python-versions = ">=3.8"
develop = false

[package.dependencies]
earl-etf = {version = ">=2.1.2", optional = true, markers = "extra == \"performance\""}
gevent = "22.10.2"
pylibyaml = {version = ">=0.1.0", optional = true, markers = "extra == \"performance\""}
pyyaml = {version = ">=5.3.1", optional = true, markers = "extra == \"yaml\""}
regex = {version = ">=2022.3.15", optional = true, markers = "extra == \"performance\""}
requests = "2.31.0"
six = "1.16.0"
ujson = {version = ">=5.2.0", optional = true, markers = "extra == \"performance\""}
websocket-client = "1.5.2"
wsaccel = {version = ">=0.6.3", optional = true, markers = "extra == \"performance\""}

[package.extras]
http = ["flask (>=2.1.1)"]
music = ["yt-dlp (>=2022.3.8.2)"]
performance = ["earl-etf (>=2.1.2)", "regex (>=2022.3.15)", "pylibyaml (>=0.1.0)", "ujson (>=5.2.0)", "wsaccel (>=0.6.3)"]
sharding = ["gipc (>=1.5.0)", "dill (>=0.3.6)"]
voice = ["pynacl (>=1.5.0)"]
yaml = ["pyyaml (>=5.3.1)"]

[package.source]
type = "git"
url = "https://github.com/elderlabs/BetterDisco.git"
reference = "staging/justin"
resolved_reference = "a6f3dd76d91068e478d364b196b0abca7d4815b3"

[[package]]
name = "certifi"
version = "2023.7.22"
description = "Python package for providing Mozilla's CA Bundle."
category = "main"
optional = false
python-versions = ">=3.6"

[[package]]
name = "cffi"
version = "1.15.1"
description = "Foreign Function Interface for Python calling C code."
category = "main"
optional = false
python-versions = "*"

[package.dependencies]
pycparser = "*"

[[package]]
name = "charset-normalizer"
version = "3.2.0"
description = "The Real First Universal Charset Detector. Open, modern and actively maintained alternative to Chardet."
category = "main"
optional = false
python-versions = ">=3.7.0"

[[package]]
name = "earl-etf"
version = "2.1.2"
description = "Earl-etf, the fanciest External Term Format packer and unpacker available for Python."
category = "main"
optional = false
python-versions = "*"

[[package]]
name = "gevent"
version = "22.10.2"
description = "Coroutine-based network library"
category = "main"
optional = false
python-versions = ">=2.7,!=3.0.*,!=3.1.*,!=3.2.*,!=3.3.*,!=3.4.*,!=3.5"

[package.dependencies]
cffi = {version = ">=1.12.2", markers = "platform_python_implementation == \"CPython\" and sys_platform == \"win32\""}
greenlet = {version = ">=2.0.0", markers = "platform_python_implementation == \"CPython\""}
"zope.event" = "*"
"zope.interface" = "*"

[package.extras]
dnspython = ["dnspython (>=1.16.0,<2.0)", "idna"]
docs = ["repoze.sphinx.autointerface", "sphinxcontrib-programoutput", "zope.schema"]
monitor = ["psutil (>=5.7.0)"]
recommended = ["cffi (>=1.12.2)", "dnspython (>=1.16.0,<2.0)", "idna", "selectors2", "backports.socketpair", "psutil (>=5.7.0)"]
test = ["requests", "objgraph", "cffi (>=1.12.2)", "dnspython (>=1.16.0,<2.0)", "idna", "selectors2", "futures", "mock", "backports.socketpair", "contextvars (==2.4)", "coverage (>=5.0)", "coveralls (>=1.7.0)", "psutil (>=5.7.0)"]

[[package]]
name = "greenlet"
version = "2.0.2"
description = "Lightweight in-process concurrent programming"
category = "main"
optional = false
python-versions = ">=2.7,!=3.0.*,!=3.1.*,!=3.2.*,!=3.3.*,!=3.4.*"

[package.extras]
docs = ["sphinx", "docutils (<0.18)"]
test = ["objgraph", "psutil"]

[[package]]
name = "idna"
version = "3.4"
description = "Internationalized Domain Names in Applications (IDNA)"
category = "main"
optional = false
python-versions = ">=3.5"

[[package]]
name = "peewee"
version = "3.16.2"
description = "a little orm"
category = "main"
optional = false
python-versions = "*"

[[package]]
name = "pycparser"
version = "2.21"
description = "C parser in Python"
category = "main"
optional = false
python-versions = ">=2.7, !=3.0.*, !=3.1.*, !=3.2.*, !=3.3.*"

[[package]]
name = "pylibyaml"
version = "0.1.0"
description = "Speed up PyYAML by automatically enabling LibYAML bindings."
category = "main"
optional = false
python-versions = "*"

[[package]]
name = "pymysql"
version = "1.1.0"
description = "Pure Python MySQL Driver"
category = "main"
optional = false
python-versions = ">=3.7"

[package.extras]
ed25519 = ["PyNaCl (>=1.4.0)"]
rsa = ["cryptography"]

[[package]]
name = "pyyaml"
version = "6.0.1"
description = "YAML parser and emitter for Python"
category = "main"
optional = false
python-versions = ">=3.6"

[[package]]
name = "regex"
version = "2023.8.8"
description = "Alternative regular expression module, to replace re."
category = "main"
optional = false
python-versions = ">=3.6"

[[package]]
name = "requests"
version = "2.31.0"
description = "Python HTTP for Humans."
category = "main"
optional = false
python-versions = ">=3.7"

[package.dependencies]
certifi = ">=2017.4.17"
charset-normalizer = ">=2,<4"
idna = ">=2.5,<4"
urllib3 = ">=1.21.1,<3"

[package.extras]
socks = ["PySocks (>=1.5.6,!=1.5.7)"]
use_chardet_on_py3 = ["chardet (>=3.0.2,<6)"]

[[package]]
name = "six"
version = "1.16.0"
description = "Python 2 and 3 compatibility utilities"
category = "main"
optional = false
python-versions = ">=2.7, !=3.0.*, !=3.1.*, !=3.2.*"

[[package]]
name = "ujson"
version = "5.8.0"
description = "Ultra fast JSON encoder and decoder for Python"
category = "main"
optional = false
python-versions = ">=3.8"

[[package]]
name = "urllib3"
version = "2.0.4"
description = "HTTP library with thread-safe connection pooling, file post, and more."
category = "main"
optional = false
python-versions = ">=3.7"

[package.extras]
brotli = ["brotli (>=1.0.9)", "brotlicffi (>=0.8.0)"]
secure = ["certifi", "cryptography (>=1.9)", "idna (>=2.0.0)", "pyopenssl (>=17.1.0)", "urllib3-secure-extra"]
socks = ["pysocks (>=1.5.6,!=1.5.7,<2.0)"]
zstd = ["zstandard (>=0.18.0)"]

[[package]]
name = "websocket-client"
version = "1.5.2"
description = "WebSocket client for Python with low level API options"
category = "main"
optional = false
python-versions = ">=3.7"

[package.extras]
docs = ["Sphinx (>=3.4)", "sphinx-rtd-theme (>=0.5)"]
optional = ["python-socks", "wsaccel"]
test = ["websockets"]

[[package]]
name = "wsaccel"
version = "0.6.4"
description = "Accelerator for ws4py and AutobahnPython"
category = "main"
optional = false
python-versions = "*"

[[package]]
name = "zope.event"
version = "5.0"
description = "Very basic event publishing system"
category = "main"
optional = false
python-versions = ">=3.7"

[package.extras]
docs = ["sphinx"]
test = ["zope.testrunner"]

[[package]]
name = "zope.interface"
version = "6.0"
description = "Interfaces for Python"
category = "main"
optional = false
python-versions = ">=3.7"

[package.extras]
docs = ["sphinx", "repoze.sphinx.autointerface"]
test = ["coverage (>=5.0.3)", "zope.event", "zope.testing"]
testing = ["coverage (>=5.0.3)", "zope.event", "zope.testing"]

[metadata]
lock-version = "1.1"
python-versions = ">3.10,<4"
content-hash = "ccd538f20e96c3f055bec8b52415ad1c532c2769db0c922cdd38b873818b004a"

[metadata.files]
betterdisco-py = []
certifi = []
cffi = []
charset-normalizer = []
earl-etf = []
gevent = []
greenlet = []
idna = []
peewee = []
pycparser = []
pylibyaml = []
pymysql = []
pyyaml = []
regex = []
requests = []
six = []
ujson = []
urllib3 = []
websocket-client = []
wsaccel = []
"zope.event" = []
"zope.interface" = []
